
Microsoft Visual Studio Solution File, Format Version 12.00
# Visual Studio Version 17
VisualStudioVersion = 17.10.35122.118
MinimumVisualStudioVersion = 10.0.40219.1
Project("{FAE04EC0-301F-11D3-BF4B-00C04F79EFBC}") = "Thuongmaidientu", "Thuongmaidientu\Thuongmaidientu.csproj", "{EBA05133-9069-4C6C-9902-5D0F7DD27CA5}"
EndProject
Global
	GlobalSection(SolutionConfigurationPlatforms) = preSolution
		Debug|Any CPU = Debug|Any CPU
		Release|Any CPU = Release|Any CPU
	EndGlobalSection
	GlobalSection(ProjectConfigurationPlatforms) = postSolution
		{EBA05133-9069-4C6C-9902-5D0F7DD27CA5}.Debug|Any CPU.ActiveCfg = Debug|Any CPU
		{EBA05133-9069-4C6C-9902-5D0F7DD27CA5}.Debug|Any CPU.Build.0 = Debug|Any CPU
		{EBA05133-9069-4C6C-9902-5D0F7DD27CA5}.Release|Any CPU.ActiveCfg = Release|Any CPU
		{EBA05133-9069-4C6C-9902-5D0F7DD27CA5}.Release|Any CPU.Build.0 = Release|Any CPU
	EndGlobalSection
	GlobalSection(SolutionProperties) = preSolution
		HideSolutionNode = FALSE
	EndGlobalSection
	GlobalSection(ExtensibilityGlobals) = postSolution
		SolutionGuid = {F9E3F166-809C-4CED-921D-DBC393EA1814}
	EndGlobalSection
EndGlobal
